// !$*UTF8*$!
{
	archiveVersion = 1;
	classes = {
	};
	objectVersion = 51;
	objects = {

/* Begin PBXBuildFile section */
		5203C13E246FB87A00DB7A24 /* UniversitySiteViewController.swift in Sources */ = {isa = PBXBuildFile; fileRef = 5203C13D246FB87A00DB7A24 /* UniversitySiteViewController.swift */; };
		5219BE7E2470226200592AAD /* FacultiesTableViewController.swift in Sources */ = {isa = PBXBuildFile; fileRef = 5219BE7D2470226200592AAD /* FacultiesTableViewController.swift */; };
		5219BE8024702A5800592AAD /* FacultiesSitesViewController.swift in Sources */ = {isa = PBXBuildFile; fileRef = 5219BE7F24702A5800592AAD /* FacultiesSitesViewController.swift */; };
		522A02D0247153D8004F3AD3 /* News.swift in Sources */ = {isa = PBXBuildFile; fileRef = 522A02CF247153D8004F3AD3 /* News.swift */; };
		522A02D724718BAA004F3AD3 /* NewsTableViewCell.swift in Sources */ = {isa = PBXBuildFile; fileRef = 522A02D524718BAA004F3AD3 /* NewsTableViewCell.swift */; };
		522A02D824718BAA004F3AD3 /* NewsTableViewCell.xib in Resources */ = {isa = PBXBuildFile; fileRef = 522A02D624718BAA004F3AD3 /* NewsTableViewCell.xib */; };
		522A02DA24718CD4004F3AD3 /* HomeViewController.swift in Sources */ = {isa = PBXBuildFile; fileRef = 522A02D924718CD4004F3AD3 /* HomeViewController.swift */; };
		522A02DC2471A7DB004F3AD3 /* ImageService.swift in Sources */ = {isa = PBXBuildFile; fileRef = 522A02DB2471A7DB004F3AD3 /* ImageService.swift */; };
		522A02DE2471C97C004F3AD3 /* HomeAdminViewController.swift in Sources */ = {isa = PBXBuildFile; fileRef = 522A02DD2471C97C004F3AD3 /* HomeAdminViewController.swift */; };
		522A8F812486BBED001D6601 /* NewsUpdateTableViewCell.swift in Sources */ = {isa = PBXBuildFile; fileRef = 522A8F7F2486BBED001D6601 /* NewsUpdateTableViewCell.swift */; };
		522A8F822486BBED001D6601 /* NewsUpdateTableViewCell.xib in Resources */ = {isa = PBXBuildFile; fileRef = 522A8F802486BBED001D6601 /* NewsUpdateTableViewCell.xib */; };
		522ECCBA24705B62002A0F6E /* NewTechTableViewController.swift in Sources */ = {isa = PBXBuildFile; fileRef = 522ECCB924705B62002A0F6E /* NewTechTableViewController.swift */; };
		522ECCBD24705DC7002A0F6E /* SocialTableViewController.swift in Sources */ = {isa = PBXBuildFile; fileRef = 522ECCBC24705DC7002A0F6E /* SocialTableViewController.swift */; };
		522ECCBF24706026002A0F6E /* MedicineTableViewController.swift in Sources */ = {isa = PBXBuildFile; fileRef = 522ECCBE24706026002A0F6E /* MedicineTableViewController.swift */; };
		522ECCC1247060D0002A0F6E /* EconomTableViewController.swift in Sources */ = {isa = PBXBuildFile; fileRef = 522ECCC0247060D0002A0F6E /* EconomTableViewController.swift */; };
		522ECCC5247060E5002A0F6E /* LanguageTableViewController.swift in Sources */ = {isa = PBXBuildFile; fileRef = 522ECCC4247060E5002A0F6E /* LanguageTableViewController.swift */; };
		522ECCC92470697D002A0F6E /* DepartmentsViewController.swift in Sources */ = {isa = PBXBuildFile; fileRef = 522ECCC82470697D002A0F6E /* DepartmentsViewController.swift */; };
		52447DD224683E9900D0FFAD /* Utilities.swift in Sources */ = {isa = PBXBuildFile; fileRef = 52447DD124683E9900D0FFAD /* Utilities.swift */; };
		525004BC23DC033800DDF2EB /* AppDelegate.swift in Sources */ = {isa = PBXBuildFile; fileRef = 525004BB23DC033800DDF2EB /* AppDelegate.swift */; };
		525004BE23DC033800DDF2EB /* SceneDelegate.swift in Sources */ = {isa = PBXBuildFile; fileRef = 525004BD23DC033800DDF2EB /* SceneDelegate.swift */; };
		525004C023DC033800DDF2EB /* FirstViewController.swift in Sources */ = {isa = PBXBuildFile; fileRef = 525004BF23DC033800DDF2EB /* FirstViewController.swift */; };
		525004C323DC033800DDF2EB /* Main.storyboard in Resources */ = {isa = PBXBuildFile; fileRef = 525004C123DC033800DDF2EB /* Main.storyboard */; };
		525004C623DC033800DDF2EB /* AIU_App.xcdatamodeld in Sources */ = {isa = PBXBuildFile; fileRef = 525004C423DC033800DDF2EB /* AIU_App.xcdatamodeld */; };
		525004C823DC033800DDF2EB /* Assets.xcassets in Resources */ = {isa = PBXBuildFile; fileRef = 525004C723DC033800DDF2EB /* Assets.xcassets */; };
		525004CB23DC033800DDF2EB /* LaunchScreen.storyboard in Resources */ = {isa = PBXBuildFile; fileRef = 525004C923DC033800DDF2EB /* LaunchScreen.storyboard */; };
		525004D623DC033900DDF2EB /* AIU_AppTests.swift in Sources */ = {isa = PBXBuildFile; fileRef = 525004D523DC033900DDF2EB /* AIU_AppTests.swift */; };
		525004E123DC033900DDF2EB /* AIU_AppUITests.swift in Sources */ = {isa = PBXBuildFile; fileRef = 525004E023DC033900DDF2EB /* AIU_AppUITests.swift */; };
		525B780D247860E800CD4CA2 /* MenuAdminTableViewController.swift in Sources */ = {isa = PBXBuildFile; fileRef = 525B780C247860E800CD4CA2 /* MenuAdminTableViewController.swift */; };
		525B780F2478D43200CD4CA2 /* AddNewsViewController.swift in Sources */ = {isa = PBXBuildFile; fileRef = 525B780E2478D43200CD4CA2 /* AddNewsViewController.swift */; };
		525B78112479203B00CD4CA2 /* AllStudentsViewController.swift in Sources */ = {isa = PBXBuildFile; fileRef = 525B78102479203B00CD4CA2 /* AllStudentsViewController.swift */; };
		525B781424796A4900CD4CA2 /* StudentTableViewCell.swift in Sources */ = {isa = PBXBuildFile; fileRef = 525B781224796A4900CD4CA2 /* StudentTableViewCell.swift */; };
		525B781524796A4900CD4CA2 /* StudentTableViewCell.xib in Resources */ = {isa = PBXBuildFile; fileRef = 525B781324796A4900CD4CA2 /* StudentTableViewCell.xib */; };
		5267F63924842FCB00B14DF5 /* ForgotPasswordViewController.swift in Sources */ = {isa = PBXBuildFile; fileRef = 5267F63824842FCB00B14DF5 /* ForgotPasswordViewController.swift */; };
		526FD2A22480DEE8006200B7 /* NewsDetailViewController.swift in Sources */ = {isa = PBXBuildFile; fileRef = 526FD2A12480DEE8006200B7 /* NewsDetailViewController.swift */; };
		5270EEA423DC211B0070BC17 /* SignInViewController.swift in Sources */ = {isa = PBXBuildFile; fileRef = 5270EEA323DC211B0070BC17 /* SignInViewController.swift */; };
		5270EEA623DC34450070BC17 /* StudentInformationViewController.swift in Sources */ = {isa = PBXBuildFile; fileRef = 5270EEA523DC34450070BC17 /* StudentInformationViewController.swift */; };
		528DB98224612C7800323E81 /* GoogleService-Info.plist in Resources */ = {isa = PBXBuildFile; fileRef = 528DB98124612C7800323E81 /* GoogleService-Info.plist */; };
		528DB9842461420E00323E81 /* SignUpViewController.swift in Sources */ = {isa = PBXBuildFile; fileRef = 528DB9832461420E00323E81 /* SignUpViewController.swift */; };
		529031DF248644F400FC46F4 /* AlaTooInformationViewController.swift in Sources */ = {isa = PBXBuildFile; fileRef = 529031DE248644F400FC46F4 /* AlaTooInformationViewController.swift */; };
		5297F67C240D0E7900D372F7 /* UniversityEMailViewController.swift in Sources */ = {isa = PBXBuildFile; fileRef = 5297F67B240D0E7900D372F7 /* UniversityEMailViewController.swift */; };
		52A5E9E02482123E00BA02C6 /* NewsUpdateViewController.swift in Sources */ = {isa = PBXBuildFile; fileRef = 52A5E9DF2482123E00BA02C6 /* NewsUpdateViewController.swift */; };
		52A5E9E224822C7F00BA02C6 /* NewsService.swift in Sources */ = {isa = PBXBuildFile; fileRef = 52A5E9E124822C7F00BA02C6 /* NewsService.swift */; };
		52A961B02486491F003B12A8 /* ActivitiesViewController.swift in Sources */ = {isa = PBXBuildFile; fileRef = 52A961AF2486491F003B12A8 /* ActivitiesViewController.swift */; };
		52A961B224864A76003B12A8 /* AllActivitiesTableViewController.swift in Sources */ = {isa = PBXBuildFile; fileRef = 52A961B124864A76003B12A8 /* AllActivitiesTableViewController.swift */; };
		52AA4143247A8D1100969765 /* AdminStudentInformationViewController.swift in Sources */ = {isa = PBXBuildFile; fileRef = 52AA4142247A8D1100969765 /* AdminStudentInformationViewController.swift */; };
		52B9205023E45E5500420E76 /* MenuTableViewController.swift in Sources */ = {isa = PBXBuildFile; fileRef = 52B9204F23E45E5500420E76 /* MenuTableViewController.swift */; };
		52C822E42475BC7600C814AB /* UpdateProfileViewController.swift in Sources */ = {isa = PBXBuildFile; fileRef = 52C822E32475BC7600C814AB /* UpdateProfileViewController.swift */; };
		52D36BE0246C44C4000FE00A /* HomeGuestViewController.swift in Sources */ = {isa = PBXBuildFile; fileRef = 52D36BDF246C44C4000FE00A /* HomeGuestViewController.swift */; };
		52D36BE2246C49DB000FE00A /* MenuGuestTableViewController.swift in Sources */ = {isa = PBXBuildFile; fileRef = 52D36BE1246C49DB000FE00A /* MenuGuestTableViewController.swift */; };
		52E08FD62476DB2A00A5F1D7 /* User.swift in Sources */ = {isa = PBXBuildFile; fileRef = 52E08FD52476DB2A00A5F1D7 /* User.swift */; };
		52E08FD82476DBA900A5F1D7 /* UserService.swift in Sources */ = {isa = PBXBuildFile; fileRef = 52E08FD72476DBA900A5F1D7 /* UserService.swift */; };
		52F7BD4923F296B6001CE15E /* ContactViewController.swift in Sources */ = {isa = PBXBuildFile; fileRef = 52F7BD4823F296B6001CE15E /* ContactViewController.swift */; };
		86E334168441AD06CBB5C214 /* Pods_AIU_AppTests.framework in Frameworks */ = {isa = PBXBuildFile; fileRef = 90D229AA6A2BFC50963D2488 /* Pods_AIU_AppTests.framework */; };
		8A31017BC5A8A7135021574A /* Pods_AIU_App_AIU_AppUITests.framework in Frameworks */ = {isa = PBXBuildFile; fileRef = BCC22491BDCBCADB8FF66126 /* Pods_AIU_App_AIU_AppUITests.framework */; };
		ACAA61D7B1861443592081EF /* Pods_AIU_App.framework in Frameworks */ = {isa = PBXBuildFile; fileRef = AFD6CBF4B63BB7CC8237DD8E /* Pods_AIU_App.framework */; };
/* End PBXBuildFile section */

/* Begin PBXContainerItemProxy section */
		525004D223DC033900DDF2EB /* PBXContainerItemProxy */ = {
			isa = PBXContainerItemProxy;
			containerPortal = 525004B023DC033800DDF2EB /* Project object */;
			proxyType = 1;
			remoteGlobalIDString = 525004B723DC033800DDF2EB;
			remoteInfo = "AIU App";
		};
		525004DD23DC033900DDF2EB /* PBXContainerItemProxy */ = {
			isa = PBXContainerItemProxy;
			containerPortal = 525004B023DC033800DDF2EB /* Project object */;
			proxyType = 1;
			remoteGlobalIDString = 525004B723DC033800DDF2EB;
			remoteInfo = "AIU App";
		};
/* End PBXContainerItemProxy section */

/* Begin PBXFileReference section */
		1094FC5077552B5BA037B6B8 /* Pods-AIU AppTests.debug.xcconfig */ = {isa = PBXFileReference; includeInIndex = 1; lastKnownFileType = text.xcconfig; name = "Pods-AIU AppTests.debug.xcconfig"; path = "Target Support Files/Pods-AIU AppTests/Pods-AIU AppTests.debug.xcconfig"; sourceTree = "<group>"; };
		17B5D4BDD90B32BAFC11FEE8 /* Pods-AIU AppTests.release.xcconfig */ = {isa = PBXFileReference; includeInIndex = 1; lastKnownFileType = text.xcconfig; name = "Pods-AIU AppTests.release.xcconfig"; path = "Target Support Files/Pods-AIU AppTests/Pods-AIU AppTests.release.xcconfig"; sourceTree = "<group>"; };
		3FCAE17060126A0437C37F83 /* Pods-AIU App.release.xcconfig */ = {isa = PBXFileReference; includeInIndex = 1; lastKnownFileType = text.xcconfig; name = "Pods-AIU App.release.xcconfig"; path = "Target Support Files/Pods-AIU App/Pods-AIU App.release.xcconfig"; sourceTree = "<group>"; };
		5203C13D246FB87A00DB7A24 /* UniversitySiteViewController.swift */ = {isa = PBXFileReference; lastKnownFileType = sourcecode.swift; path = UniversitySiteViewController.swift; sourceTree = "<group>"; };
		5219BE7D2470226200592AAD /* FacultiesTableViewController.swift */ = {isa = PBXFileReference; lastKnownFileType = sourcecode.swift; path = FacultiesTableViewController.swift; sourceTree = "<group>"; };
		5219BE7F24702A5800592AAD /* FacultiesSitesViewController.swift */ = {isa = PBXFileReference; lastKnownFileType = sourcecode.swift; path = FacultiesSitesViewController.swift; sourceTree = "<group>"; };
		522A02CF247153D8004F3AD3 /* News.swift */ = {isa = PBXFileReference; lastKnownFileType = sourcecode.swift; path = News.swift; sourceTree = "<group>"; };
		522A02D524718BAA004F3AD3 /* NewsTableViewCell.swift */ = {isa = PBXFileReference; lastKnownFileType = sourcecode.swift; path = NewsTableViewCell.swift; sourceTree = "<group>"; };
		522A02D624718BAA004F3AD3 /* NewsTableViewCell.xib */ = {isa = PBXFileReference; lastKnownFileType = file.xib; path = NewsTableViewCell.xib; sourceTree = "<group>"; };
		522A02D924718CD4004F3AD3 /* HomeViewController.swift */ = {isa = PBXFileReference; lastKnownFileType = sourcecode.swift; path = HomeViewController.swift; sourceTree = "<group>"; };
		522A02DB2471A7DB004F3AD3 /* ImageService.swift */ = {isa = PBXFileReference; lastKnownFileType = sourcecode.swift; path = ImageService.swift; sourceTree = "<group>"; };
		522A02DD2471C97C004F3AD3 /* HomeAdminViewController.swift */ = {isa = PBXFileReference; lastKnownFileType = sourcecode.swift; path = HomeAdminViewController.swift; sourceTree = "<group>"; };
		522A8F7F2486BBED001D6601 /* NewsUpdateTableViewCell.swift */ = {isa = PBXFileReference; lastKnownFileType = sourcecode.swift; path = NewsUpdateTableViewCell.swift; sourceTree = "<group>"; };
		522A8F802486BBED001D6601 /* NewsUpdateTableViewCell.xib */ = {isa = PBXFileReference; lastKnownFileType = file.xib; path = NewsUpdateTableViewCell.xib; sourceTree = "<group>"; };
		522ECCB924705B62002A0F6E /* NewTechTableViewController.swift */ = {isa = PBXFileReference; lastKnownFileType = sourcecode.swift; path = NewTechTableViewController.swift; sourceTree = "<group>"; };
		522ECCBC24705DC7002A0F6E /* SocialTableViewController.swift */ = {isa = PBXFileReference; lastKnownFileType = sourcecode.swift; path = SocialTableViewController.swift; sourceTree = "<group>"; };
		522ECCBE24706026002A0F6E /* MedicineTableViewController.swift */ = {isa = PBXFileReference; lastKnownFileType = sourcecode.swift; path = MedicineTableViewController.swift; sourceTree = "<group>"; };
		522ECCC0247060D0002A0F6E /* EconomTableViewController.swift */ = {isa = PBXFileReference; lastKnownFileType = sourcecode.swift; path = EconomTableViewController.swift; sourceTree = "<group>"; };
		522ECCC4247060E5002A0F6E /* LanguageTableViewController.swift */ = {isa = PBXFileReference; lastKnownFileType = sourcecode.swift; path = LanguageTableViewController.swift; sourceTree = "<group>"; };
		522ECCC82470697D002A0F6E /* DepartmentsViewController.swift */ = {isa = PBXFileReference; lastKnownFileType = sourcecode.swift; path = DepartmentsViewController.swift; sourceTree = "<group>"; };
		52447DD124683E9900D0FFAD /* Utilities.swift */ = {isa = PBXFileReference; lastKnownFileType = sourcecode.swift; path = Utilities.swift; sourceTree = "<group>"; };
		525004B823DC033800DDF2EB /* AIU App.app */ = {isa = PBXFileReference; explicitFileType = wrapper.application; includeInIndex = 0; path = "AIU App.app"; sourceTree = BUILT_PRODUCTS_DIR; };
		525004BB23DC033800DDF2EB /* AppDelegate.swift */ = {isa = PBXFileReference; lastKnownFileType = sourcecode.swift; path = AppDelegate.swift; sourceTree = "<group>"; };
		525004BD23DC033800DDF2EB /* SceneDelegate.swift */ = {isa = PBXFileReference; lastKnownFileType = sourcecode.swift; path = SceneDelegate.swift; sourceTree = "<group>"; };
		525004BF23DC033800DDF2EB /* FirstViewController.swift */ = {isa = PBXFileReference; lastKnownFileType = sourcecode.swift; path = FirstViewController.swift; sourceTree = "<group>"; };
		525004C223DC033800DDF2EB /* Base */ = {isa = PBXFileReference; lastKnownFileType = file.storyboard; name = Base; path = Base.lproj/Main.storyboard; sourceTree = "<group>"; };
		525004C523DC033800DDF2EB /* AIU_App.xcdatamodel */ = {isa = PBXFileReference; lastKnownFileType = wrapper.xcdatamodel; path = AIU_App.xcdatamodel; sourceTree = "<group>"; };
		525004C723DC033800DDF2EB /* Assets.xcassets */ = {isa = PBXFileReference; lastKnownFileType = folder.assetcatalog; path = Assets.xcassets; sourceTree = "<group>"; };
		525004CA23DC033800DDF2EB /* Base */ = {isa = PBXFileReference; lastKnownFileType = file.storyboard; name = Base; path = Base.lproj/LaunchScreen.storyboard; sourceTree = "<group>"; };
		525004CC23DC033800DDF2EB /* Info.plist */ = {isa = PBXFileReference; lastKnownFileType = text.plist.xml; path = Info.plist; sourceTree = "<group>"; };
		525004D123DC033900DDF2EB /* AIU AppTests.xctest */ = {isa = PBXFileReference; explicitFileType = wrapper.cfbundle; includeInIndex = 0; path = "AIU AppTests.xctest"; sourceTree = BUILT_PRODUCTS_DIR; };
		525004D523DC033900DDF2EB /* AIU_AppTests.swift */ = {isa = PBXFileReference; lastKnownFileType = sourcecode.swift; path = AIU_AppTests.swift; sourceTree = "<group>"; };
		525004D723DC033900DDF2EB /* Info.plist */ = {isa = PBXFileReference; lastKnownFileType = text.plist.xml; path = Info.plist; sourceTree = "<group>"; };
		525004DC23DC033900DDF2EB /* AIU AppUITests.xctest */ = {isa = PBXFileReference; explicitFileType = wrapper.cfbundle; includeInIndex = 0; path = "AIU AppUITests.xctest"; sourceTree = BUILT_PRODUCTS_DIR; };
		525004E023DC033900DDF2EB /* AIU_AppUITests.swift */ = {isa = PBXFileReference; lastKnownFileType = sourcecode.swift; path = AIU_AppUITests.swift; sourceTree = "<group>"; };
		525004E223DC033900DDF2EB /* Info.plist */ = {isa = PBXFileReference; lastKnownFileType = text.plist.xml; path = Info.plist; sourceTree = "<group>"; };
		525B780C247860E800CD4CA2 /* MenuAdminTableViewController.swift */ = {isa = PBXFileReference; lastKnownFileType = sourcecode.swift; path = MenuAdminTableViewController.swift; sourceTree = "<group>"; };
		525B780E2478D43200CD4CA2 /* AddNewsViewController.swift */ = {isa = PBXFileReference; lastKnownFileType = sourcecode.swift; path = AddNewsViewController.swift; sourceTree = "<group>"; };
		525B78102479203B00CD4CA2 /* AllStudentsViewController.swift */ = {isa = PBXFileReference; lastKnownFileType = sourcecode.swift; path = AllStudentsViewController.swift; sourceTree = "<group>"; };
		525B781224796A4900CD4CA2 /* StudentTableViewCell.swift */ = {isa = PBXFileReference; lastKnownFileType = sourcecode.swift; path = StudentTableViewCell.swift; sourceTree = "<group>"; };
		525B781324796A4900CD4CA2 /* StudentTableViewCell.xib */ = {isa = PBXFileReference; lastKnownFileType = file.xib; path = StudentTableViewCell.xib; sourceTree = "<group>"; };
		5267F63824842FCB00B14DF5 /* ForgotPasswordViewController.swift */ = {isa = PBXFileReference; lastKnownFileType = sourcecode.swift; path = ForgotPasswordViewController.swift; sourceTree = "<group>"; };
		526ED8822482892000DA9332 /* AIU App.entitlements */ = {isa = PBXFileReference; lastKnownFileType = text.plist.entitlements; path = "AIU App.entitlements"; sourceTree = "<group>"; };
		526FD2A12480DEE8006200B7 /* NewsDetailViewController.swift */ = {isa = PBXFileReference; lastKnownFileType = sourcecode.swift; path = NewsDetailViewController.swift; sourceTree = "<group>"; };
		5270EEA323DC211B0070BC17 /* SignInViewController.swift */ = {isa = PBXFileReference; lastKnownFileType = sourcecode.swift; path = SignInViewController.swift; sourceTree = "<group>"; };
		5270EEA523DC34450070BC17 /* StudentInformationViewController.swift */ = {isa = PBXFileReference; lastKnownFileType = sourcecode.swift; path = StudentInformationViewController.swift; sourceTree = "<group>"; };
		528DB98124612C7800323E81 /* GoogleService-Info.plist */ = {isa = PBXFileReference; fileEncoding = 4; lastKnownFileType = text.plist.xml; path = "GoogleService-Info.plist"; sourceTree = "<group>"; };
		528DB9832461420E00323E81 /* SignUpViewController.swift */ = {isa = PBXFileReference; lastKnownFileType = sourcecode.swift; path = SignUpViewController.swift; sourceTree = "<group>"; };
		529031DE248644F400FC46F4 /* AlaTooInformationViewController.swift */ = {isa = PBXFileReference; lastKnownFileType = sourcecode.swift; path = AlaTooInformationViewController.swift; sourceTree = "<group>"; };
		5297F67B240D0E7900D372F7 /* UniversityEMailViewController.swift */ = {isa = PBXFileReference; lastKnownFileType = sourcecode.swift; path = UniversityEMailViewController.swift; sourceTree = "<group>"; };
		52A5E9DF2482123E00BA02C6 /* NewsUpdateViewController.swift */ = {isa = PBXFileReference; lastKnownFileType = sourcecode.swift; path = NewsUpdateViewController.swift; sourceTree = "<group>"; };
		52A5E9E124822C7F00BA02C6 /* NewsService.swift */ = {isa = PBXFileReference; lastKnownFileType = sourcecode.swift; path = NewsService.swift; sourceTree = "<group>"; };
		52A961AF2486491F003B12A8 /* ActivitiesViewController.swift */ = {isa = PBXFileReference; lastKnownFileType = sourcecode.swift; path = ActivitiesViewController.swift; sourceTree = "<group>"; };
		52A961B124864A76003B12A8 /* AllActivitiesTableViewController.swift */ = {isa = PBXFileReference; lastKnownFileType = sourcecode.swift; path = AllActivitiesTableViewController.swift; sourceTree = "<group>"; };
		52AA4142247A8D1100969765 /* AdminStudentInformationViewController.swift */ = {isa = PBXFileReference; lastKnownFileType = sourcecode.swift; path = AdminStudentInformationViewController.swift; sourceTree = "<group>"; };
		52B9204F23E45E5500420E76 /* MenuTableViewController.swift */ = {isa = PBXFileReference; lastKnownFileType = sourcecode.swift; path = MenuTableViewController.swift; sourceTree = "<group>"; };
		52C822E32475BC7600C814AB /* UpdateProfileViewController.swift */ = {isa = PBXFileReference; lastKnownFileType = sourcecode.swift; path = UpdateProfileViewController.swift; sourceTree = "<group>"; };
		52D36BDF246C44C4000FE00A /* HomeGuestViewController.swift */ = {isa = PBXFileReference; lastKnownFileType = sourcecode.swift; path = HomeGuestViewController.swift; sourceTree = "<group>"; };
		52D36BE1246C49DB000FE00A /* MenuGuestTableViewController.swift */ = {isa = PBXFileReference; lastKnownFileType = sourcecode.swift; path = MenuGuestTableViewController.swift; sourceTree = "<group>"; };
		52E08FD52476DB2A00A5F1D7 /* User.swift */ = {isa = PBXFileReference; lastKnownFileType = sourcecode.swift; path = User.swift; sourceTree = "<group>"; };
		52E08FD72476DBA900A5F1D7 /* UserService.swift */ = {isa = PBXFileReference; lastKnownFileType = sourcecode.swift; path = UserService.swift; sourceTree = "<group>"; };
		52F7BD4823F296B6001CE15E /* ContactViewController.swift */ = {isa = PBXFileReference; lastKnownFileType = sourcecode.swift; path = ContactViewController.swift; sourceTree = "<group>"; };
		6D78F8C9BD9E7E0E6CE82D56 /* Pods-AIU App-AIU AppUITests.debug.xcconfig */ = {isa = PBXFileReference; includeInIndex = 1; lastKnownFileType = text.xcconfig; name = "Pods-AIU App-AIU AppUITests.debug.xcconfig"; path = "Target Support Files/Pods-AIU App-AIU AppUITests/Pods-AIU App-AIU AppUITests.debug.xcconfig"; sourceTree = "<group>"; };
		90D229AA6A2BFC50963D2488 /* Pods_AIU_AppTests.framework */ = {isa = PBXFileReference; explicitFileType = wrapper.framework; includeInIndex = 0; path = Pods_AIU_AppTests.framework; sourceTree = BUILT_PRODUCTS_DIR; };
		9F11EFAC1483328A017B9D88 /* Pods-AIU App-AIU AppUITests.release.xcconfig */ = {isa = PBXFileReference; includeInIndex = 1; lastKnownFileType = text.xcconfig; name = "Pods-AIU App-AIU AppUITests.release.xcconfig"; path = "Target Support Files/Pods-AIU App-AIU AppUITests/Pods-AIU App-AIU AppUITests.release.xcconfig"; sourceTree = "<group>"; };
		AFD6CBF4B63BB7CC8237DD8E /* Pods_AIU_App.framework */ = {isa = PBXFileReference; explicitFileType = wrapper.framework; includeInIndex = 0; path = Pods_AIU_App.framework; sourceTree = BUILT_PRODUCTS_DIR; };
		BCC22491BDCBCADB8FF66126 /* Pods_AIU_App_AIU_AppUITests.framework */ = {isa = PBXFileReference; explicitFileType = wrapper.framework; includeInIndex = 0; path = Pods_AIU_App_AIU_AppUITests.framework; sourceTree = BUILT_PRODUCTS_DIR; };
		EFA0C35F962C80241E335FC5 /* Pods-AIU App.debug.xcconfig */ = {isa = PBXFileReference; includeInIndex = 1; lastKnownFileType = text.xcconfig; name = "Pods-AIU App.debug.xcconfig"; path = "Target Support Files/Pods-AIU App/Pods-AIU App.debug.xcconfig"; sourceTree = "<group>"; };
/* End PBXFileReference section */

/* Begin PBXFrameworksBuildPhase section */
		525004B523DC033800DDF2EB /* Frameworks */ = {
			isa = PBXFrameworksBuildPhase;
			buildActionMask = 2147483647;
			files = (
				ACAA61D7B1861443592081EF /* Pods_AIU_App.framework in Frameworks */,
			);
			runOnlyForDeploymentPostprocessing = 0;
		};
		525004CE23DC033900DDF2EB /* Frameworks */ = {
			isa = PBXFrameworksBuildPhase;
			buildActionMask = 2147483647;
			files = (
				86E334168441AD06CBB5C214 /* Pods_AIU_AppTests.framework in Frameworks */,
			);
			runOnlyForDeploymentPostprocessing = 0;
		};
		525004D923DC033900DDF2EB /* Frameworks */ = {
			isa = PBXFrameworksBuildPhase;
			buildActionMask = 2147483647;
			files = (
				8A31017BC5A8A7135021574A /* Pods_AIU_App_AIU_AppUITests.framework in Frameworks */,
			);
			runOnlyForDeploymentPostprocessing = 0;
		};
/* End PBXFrameworksBuildPhase section */

/* Begin PBXGroup section */
		521F045024603A9F00E433A2 /* Authorization */ = {
			isa = PBXGroup;
			children = (
				525004BF23DC033800DDF2EB /* FirstViewController.swift */,
				5270EEA323DC211B0070BC17 /* SignInViewController.swift */,
				528DB9832461420E00323E81 /* SignUpViewController.swift */,
				5267F63824842FCB00B14DF5 /* ForgotPasswordViewController.swift */,
			);
			path = Authorization;
			sourceTree = "<group>";
		};
		522ECCB224705B15002A0F6E /* Faculties */ = {
			isa = PBXGroup;
			children = (
				522ECCB824705B47002A0F6E /* Language */,
				522ECCB624705B3A002A0F6E /* Medicine */,
				522ECCB524705B33002A0F6E /* Econom */,
				522ECCB424705B2B002A0F6E /* Social */,
				522ECCB324705B1E002A0F6E /* NewTech */,
			);
			path = Faculties;
			sourceTree = "<group>";
		};
		522ECCB324705B1E002A0F6E /* NewTech */ = {
			isa = PBXGroup;
			children = (
				522ECCB924705B62002A0F6E /* NewTechTableViewController.swift */,
			);
			path = NewTech;
			sourceTree = "<group>";
		};
		522ECCB424705B2B002A0F6E /* Social */ = {
			isa = PBXGroup;
			children = (
				522ECCBC24705DC7002A0F6E /* SocialTableViewController.swift */,
			);
			path = Social;
			sourceTree = "<group>";
		};
		522ECCB524705B33002A0F6E /* Econom */ = {
			isa = PBXGroup;
			children = (
				522ECCC0247060D0002A0F6E /* EconomTableViewController.swift */,
			);
			path = Econom;
			sourceTree = "<group>";
		};
		522ECCB624705B3A002A0F6E /* Medicine */ = {
			isa = PBXGroup;
			children = (
				522ECCBE24706026002A0F6E /* MedicineTableViewController.swift */,
			);
			path = Medicine;
			sourceTree = "<group>";
		};
		522ECCB824705B47002A0F6E /* Language */ = {
			isa = PBXGroup;
			children = (
				522ECCC4247060E5002A0F6E /* LanguageTableViewController.swift */,
			);
			path = Language;
			sourceTree = "<group>";
		};
		52447DD024683E8B00D0FFAD /* Helpers */ = {
			isa = PBXGroup;
			children = (
				52447DD124683E9900D0FFAD /* Utilities.swift */,
				522A02D524718BAA004F3AD3 /* NewsTableViewCell.swift */,
				522A02D624718BAA004F3AD3 /* NewsTableViewCell.xib */,
				525B781224796A4900CD4CA2 /* StudentTableViewCell.swift */,
				525B781324796A4900CD4CA2 /* StudentTableViewCell.xib */,
				522A8F7F2486BBED001D6601 /* NewsUpdateTableViewCell.swift */,
				522A8F802486BBED001D6601 /* NewsUpdateTableViewCell.xib */,
			);
			path = Helpers;
			sourceTree = "<group>";
		};
		525004AF23DC033800DDF2EB = {
			isa = PBXGroup;
			children = (
				525004BA23DC033800DDF2EB /* AIU App */,
				525004D423DC033900DDF2EB /* AIU AppTests */,
				525004DF23DC033900DDF2EB /* AIU AppUITests */,
				525004B923DC033800DDF2EB /* Products */,
				B91C42FAE1A9F4039EBEA5B3 /* Pods */,
				659B6B551426A12C25E9EA45 /* Frameworks */,
			);
			sourceTree = "<group>";
		};
		525004B923DC033800DDF2EB /* Products */ = {
			isa = PBXGroup;
			children = (
				525004B823DC033800DDF2EB /* AIU App.app */,
				525004D123DC033900DDF2EB /* AIU AppTests.xctest */,
				525004DC23DC033900DDF2EB /* AIU AppUITests.xctest */,
			);
			name = Products;
			sourceTree = "<group>";
		};
		525004BA23DC033800DDF2EB /* AIU App */ = {
			isa = PBXGroup;
			children = (
				526ED8822482892000DA9332 /* AIU App.entitlements */,
				522ECCB224705B15002A0F6E /* Faculties */,
				52AA586A246FE5170041A5F6 /* Models */,
				52AA586E246FE5EE0041A5F6 /* Services */,
				52447DD024683E8B00D0FFAD /* Helpers */,
				52B9205323E45E8000420E76 /* Delegates */,
				52B9205123E45E5B00420E76 /* Controllers */,
				52B9205223E45E6900420E76 /* Storyboards */,
				52B9205423E45E9300420E76 /* Resources */,
				525004CC23DC033800DDF2EB /* Info.plist */,
				528DB98124612C7800323E81 /* GoogleService-Info.plist */,
				525004C423DC033800DDF2EB /* AIU_App.xcdatamodeld */,
			);
			path = "AIU App";
			sourceTree = "<group>";
		};
		525004D423DC033900DDF2EB /* AIU AppTests */ = {
			isa = PBXGroup;
			children = (
				525004D523DC033900DDF2EB /* AIU_AppTests.swift */,
				525004D723DC033900DDF2EB /* Info.plist */,
			);
			path = "AIU AppTests";
			sourceTree = "<group>";
		};
		525004DF23DC033900DDF2EB /* AIU AppUITests */ = {
			isa = PBXGroup;
			children = (
				525004E023DC033900DDF2EB /* AIU_AppUITests.swift */,
				525004E223DC033900DDF2EB /* Info.plist */,
			);
			path = "AIU AppUITests";
			sourceTree = "<group>";
		};
		526536B3246DA00400055A91 /* AdminControllers */ = {
			isa = PBXGroup;
			children = (
				522A02DD2471C97C004F3AD3 /* HomeAdminViewController.swift */,
				525B780C247860E800CD4CA2 /* MenuAdminTableViewController.swift */,
				525B780E2478D43200CD4CA2 /* AddNewsViewController.swift */,
				525B78102479203B00CD4CA2 /* AllStudentsViewController.swift */,
				52AA4142247A8D1100969765 /* AdminStudentInformationViewController.swift */,
				52A5E9DF2482123E00BA02C6 /* NewsUpdateViewController.swift */,
			);
			path = AdminControllers;
			sourceTree = "<group>";
		};
		526FA4772469CEC800B8C2A4 /* MenuControllers */ = {
			isa = PBXGroup;
			children = (
				52F7BD4823F296B6001CE15E /* ContactViewController.swift */,
				5203C13D246FB87A00DB7A24 /* UniversitySiteViewController.swift */,
				5219BE7D2470226200592AAD /* FacultiesTableViewController.swift */,
			);
			path = MenuControllers;
			sourceTree = "<group>";
		};
		526FA4782469CF0200B8C2A4 /* UserControllers */ = {
			isa = PBXGroup;
			children = (
				522A02D924718CD4004F3AD3 /* HomeViewController.swift */,
				52B9204F23E45E5500420E76 /* MenuTableViewController.swift */,
				5270EEA523DC34450070BC17 /* StudentInformationViewController.swift */,
				52C822E32475BC7600C814AB /* UpdateProfileViewController.swift */,
			);
			path = UserControllers;
			sourceTree = "<group>";
		};
		526FA47A2469CF8000B8C2A4 /* GuestControllers */ = {
			isa = PBXGroup;
			children = (
				52D36BDF246C44C4000FE00A /* HomeGuestViewController.swift */,
				52D36BE1246C49DB000FE00A /* MenuGuestTableViewController.swift */,
				529031DE248644F400FC46F4 /* AlaTooInformationViewController.swift */,
				52A961AF2486491F003B12A8 /* ActivitiesViewController.swift */,
				52A961B124864A76003B12A8 /* AllActivitiesTableViewController.swift */,
			);
			path = GuestControllers;
			sourceTree = "<group>";
		};
		52A5E9DE2482121100BA02C6 /* GeneralControllers */ = {
			isa = PBXGroup;
			children = (
				5297F67B240D0E7900D372F7 /* UniversityEMailViewController.swift */,
				526FD2A12480DEE8006200B7 /* NewsDetailViewController.swift */,
				522ECCC82470697D002A0F6E /* DepartmentsViewController.swift */,
				5219BE7F24702A5800592AAD /* FacultiesSitesViewController.swift */,
			);
			path = GeneralControllers;
			sourceTree = "<group>";
		};
		52AA586A246FE5170041A5F6 /* Models */ = {
			isa = PBXGroup;
			children = (
				522A02CF247153D8004F3AD3 /* News.swift */,
				52E08FD52476DB2A00A5F1D7 /* User.swift */,
			);
			path = Models;
			sourceTree = "<group>";
		};
		52AA586E246FE5EE0041A5F6 /* Services */ = {
			isa = PBXGroup;
			children = (
				522A02DB2471A7DB004F3AD3 /* ImageService.swift */,
				52E08FD72476DBA900A5F1D7 /* UserService.swift */,
				52A5E9E124822C7F00BA02C6 /* NewsService.swift */,
			);
			path = Services;
			sourceTree = "<group>";
		};
		52B9205123E45E5B00420E76 /* Controllers */ = {
			isa = PBXGroup;
			children = (
				521F045024603A9F00E433A2 /* Authorization */,
				526536B3246DA00400055A91 /* AdminControllers */,
				526FA4782469CF0200B8C2A4 /* UserControllers */,
				526FA47A2469CF8000B8C2A4 /* GuestControllers */,
				526FA4772469CEC800B8C2A4 /* MenuControllers */,
				52A5E9DE2482121100BA02C6 /* GeneralControllers */,
			);
			path = Controllers;
			sourceTree = "<group>";
		};
		52B9205223E45E6900420E76 /* Storyboards */ = {
			isa = PBXGroup;
			children = (
				525004C123DC033800DDF2EB /* Main.storyboard */,
				525004C923DC033800DDF2EB /* LaunchScreen.storyboard */,
			);
			path = Storyboards;
			sourceTree = "<group>";
		};
		52B9205323E45E8000420E76 /* Delegates */ = {
			isa = PBXGroup;
			children = (
				525004BB23DC033800DDF2EB /* AppDelegate.swift */,
				525004BD23DC033800DDF2EB /* SceneDelegate.swift */,
			);
			path = Delegates;
			sourceTree = "<group>";
		};
		52B9205423E45E9300420E76 /* Resources */ = {
			isa = PBXGroup;
			children = (
				525004C723DC033800DDF2EB /* Assets.xcassets */,
			);
			path = Resources;
			sourceTree = "<group>";
		};
		659B6B551426A12C25E9EA45 /* Frameworks */ = {
			isa = PBXGroup;
			children = (
				AFD6CBF4B63BB7CC8237DD8E /* Pods_AIU_App.framework */,
				BCC22491BDCBCADB8FF66126 /* Pods_AIU_App_AIU_AppUITests.framework */,
				90D229AA6A2BFC50963D2488 /* Pods_AIU_AppTests.framework */,
			);
			name = Frameworks;
			sourceTree = "<group>";
		};
		B91C42FAE1A9F4039EBEA5B3 /* Pods */ = {
			isa = PBXGroup;
			children = (
				EFA0C35F962C80241E335FC5 /* Pods-AIU App.debug.xcconfig */,
				3FCAE17060126A0437C37F83 /* Pods-AIU App.release.xcconfig */,
				6D78F8C9BD9E7E0E6CE82D56 /* Pods-AIU App-AIU AppUITests.debug.xcconfig */,
				9F11EFAC1483328A017B9D88 /* Pods-AIU App-AIU AppUITests.release.xcconfig */,
				1094FC5077552B5BA037B6B8 /* Pods-AIU AppTests.debug.xcconfig */,
				17B5D4BDD90B32BAFC11FEE8 /* Pods-AIU AppTests.release.xcconfig */,
			);
			path = Pods;
			sourceTree = "<group>";
		};
/* End PBXGroup section */

/* Begin PBXNativeTarget section */
		525004B723DC033800DDF2EB /* AIU App */ = {
			isa = PBXNativeTarget;
			buildConfigurationList = 525004E523DC033900DDF2EB /* Build configuration list for PBXNativeTarget "AIU App" */;
			buildPhases = (
				6F4DC0B16111E17D75F0526A /* [CP] Check Pods Manifest.lock */,
				525004B423DC033800DDF2EB /* Sources */,
				525004B523DC033800DDF2EB /* Frameworks */,
				525004B623DC033800DDF2EB /* Resources */,
				983B1407478E22C8B3098A5C /* [CP] Embed Pods Frameworks */,
			);
			buildRules = (
			);
			dependencies = (
			);
			name = "AIU App";
			productName = "AIU App";
			productReference = 525004B823DC033800DDF2EB /* AIU App.app */;
			productType = "com.apple.product-type.application";
		};
		525004D023DC033900DDF2EB /* AIU AppTests */ = {
			isa = PBXNativeTarget;
			buildConfigurationList = 525004E823DC033900DDF2EB /* Build configuration list for PBXNativeTarget "AIU AppTests" */;
			buildPhases = (
				4CE8758C4B8B55A83E56DD14 /* [CP] Check Pods Manifest.lock */,
				525004CD23DC033900DDF2EB /* Sources */,
				525004CE23DC033900DDF2EB /* Frameworks */,
				525004CF23DC033900DDF2EB /* Resources */,
			);
			buildRules = (
			);
			dependencies = (
				525004D323DC033900DDF2EB /* PBXTargetDependency */,
			);
			name = "AIU AppTests";
			productName = "AIU AppTests";
			productReference = 525004D123DC033900DDF2EB /* AIU AppTests.xctest */;
			productType = "com.apple.product-type.bundle.unit-test";
		};
		525004DB23DC033900DDF2EB /* AIU AppUITests */ = {
			isa = PBXNativeTarget;
			buildConfigurationList = 525004EB23DC033900DDF2EB /* Build configuration list for PBXNativeTarget "AIU AppUITests" */;
			buildPhases = (
				937E61EFA73B9F24F2C929CF /* [CP] Check Pods Manifest.lock */,
				525004D823DC033900DDF2EB /* Sources */,
				525004D923DC033900DDF2EB /* Frameworks */,
				525004DA23DC033900DDF2EB /* Resources */,
				6BE0DB8304944708F0D4FCB9 /* [CP] Embed Pods Frameworks */,
			);
			buildRules = (
			);
			dependencies = (
				525004DE23DC033900DDF2EB /* PBXTargetDependency */,
			);
			name = "AIU AppUITests";
			productName = "AIU AppUITests";
			productReference = 525004DC23DC033900DDF2EB /* AIU AppUITests.xctest */;
			productType = "com.apple.product-type.bundle.ui-testing";
		};
/* End PBXNativeTarget section */

/* Begin PBXProject section */
		525004B023DC033800DDF2EB /* Project object */ = {
			isa = PBXProject;
			attributes = {
				LastSwiftUpdateCheck = 1130;
				LastUpgradeCheck = 1130;
				ORGANIZATIONNAME = "Ababakri Ibragimov";
				TargetAttributes = {
					525004B723DC033800DDF2EB = {
						CreatedOnToolsVersion = 11.3.1;
					};
					525004D023DC033900DDF2EB = {
						CreatedOnToolsVersion = 11.3.1;
						TestTargetID = 525004B723DC033800DDF2EB;
					};
					525004DB23DC033900DDF2EB = {
						CreatedOnToolsVersion = 11.3.1;
						TestTargetID = 525004B723DC033800DDF2EB;
					};
				};
			};
			buildConfigurationList = 525004B323DC033800DDF2EB /* Build configuration list for PBXProject "AIU App" */;
			compatibilityVersion = "Xcode 9.3";
			developmentRegion = en;
			hasScannedForEncodings = 0;
			knownRegions = (
				en,
				Base,
			);
			mainGroup = 525004AF23DC033800DDF2EB;
			productRefGroup = 525004B923DC033800DDF2EB /* Products */;
			projectDirPath = "";
			projectRoot = "";
			targets = (
				525004B723DC033800DDF2EB /* AIU App */,
				525004D023DC033900DDF2EB /* AIU AppTests */,
				525004DB23DC033900DDF2EB /* AIU AppUITests */,
			);
		};
/* End PBXProject section */

/* Begin PBXResourcesBuildPhase section */
		525004B623DC033800DDF2EB /* Resources */ = {
			isa = PBXResourcesBuildPhase;
			buildActionMask = 2147483647;
			files = (
				525004CB23DC033800DDF2EB /* LaunchScreen.storyboard in Resources */,
				528DB98224612C7800323E81 /* GoogleService-Info.plist in Resources */,
				525004C823DC033800DDF2EB /* Assets.xcassets in Resources */,
				525004C323DC033800DDF2EB /* Main.storyboard in Resources */,
				522A02D824718BAA004F3AD3 /* NewsTableViewCell.xib in Resources */,
				522A8F822486BBED001D6601 /* NewsUpdateTableViewCell.xib in Resources */,
				525B781524796A4900CD4CA2 /* StudentTableViewCell.xib in Resources */,
			);
			runOnlyForDeploymentPostprocessing = 0;
		};
		525004CF23DC033900DDF2EB /* Resources */ = {
			isa = PBXResourcesBuildPhase;
			buildActionMask = 2147483647;
			files = (
			);
			runOnlyForDeploymentPostprocessing = 0;
		};
		525004DA23DC033900DDF2EB /* Resources */ = {
			isa = PBXResourcesBuildPhase;
			buildActionMask = 2147483647;
			files = (
			);
			runOnlyForDeploymentPostprocessing = 0;
		};
/* End PBXResourcesBuildPhase section */

/* Begin PBXShellScriptBuildPhase section */
		4CE8758C4B8B55A83E56DD14 /* [CP] Check Pods Manifest.lock */ = {
			isa = PBXShellScriptBuildPhase;
			buildActionMask = 2147483647;
			files = (
			);
			inputFileListPaths = (
			);
			inputPaths = (
				"${PODS_PODFILE_DIR_PATH}/Podfile.lock",
				"${PODS_ROOT}/Manifest.lock",
			);
			name = "[CP] Check Pods Manifest.lock";
			outputFileListPaths = (
			);
			outputPaths = (
				"$(DERIVED_FILE_DIR)/Pods-AIU AppTests-checkManifestLockResult.txt",
			);
			runOnlyForDeploymentPostprocessing = 0;
			shellPath = /bin/sh;
			shellScript = "diff \"${PODS_PODFILE_DIR_PATH}/Podfile.lock\" \"${PODS_ROOT}/Manifest.lock\" > /dev/null\nif [ $? != 0 ] ; then\n    # print error to STDERR\n    echo \"error: The sandbox is not in sync with the Podfile.lock. Run 'pod install' or update your CocoaPods installation.\" >&2\n    exit 1\nfi\n# This output is used by Xcode 'outputs' to avoid re-running this script phase.\necho \"SUCCESS\" > \"${SCRIPT_OUTPUT_FILE_0}\"\n";
			showEnvVarsInLog = 0;
		};
		6BE0DB8304944708F0D4FCB9 /* [CP] Embed Pods Frameworks */ = {
			isa = PBXShellScriptBuildPhase;
			buildActionMask = 2147483647;
			files = (
			);
			inputFileListPaths = (
				"${PODS_ROOT}/Target Support Files/Pods-AIU App-AIU AppUITests/Pods-AIU App-AIU AppUITests-frameworks-${CONFIGURATION}-input-files.xcfilelist",
			);
			name = "[CP] Embed Pods Frameworks";
			outputFileListPaths = (
				"${PODS_ROOT}/Target Support Files/Pods-AIU App-AIU AppUITests/Pods-AIU App-AIU AppUITests-frameworks-${CONFIGURATION}-output-files.xcfilelist",
			);
			runOnlyForDeploymentPostprocessing = 0;
			shellPath = /bin/sh;
			shellScript = "\"${PODS_ROOT}/Target Support Files/Pods-AIU App-AIU AppUITests/Pods-AIU App-AIU AppUITests-frameworks.sh\"\n";
			showEnvVarsInLog = 0;
		};
		6F4DC0B16111E17D75F0526A /* [CP] Check Pods Manifest.lock */ = {
			isa = PBXShellScriptBuildPhase;
			buildActionMask = 2147483647;
			files = (
			);
			inputFileListPaths = (
			);
			inputPaths = (
				"${PODS_PODFILE_DIR_PATH}/Podfile.lock",
				"${PODS_ROOT}/Manifest.lock",
			);
			name = "[CP] Check Pods Manifest.lock";
			outputFileListPaths = (
			);
			outputPaths = (
				"$(DERIVED_FILE_DIR)/Pods-AIU App-checkManifestLockResult.txt",
			);
			runOnlyForDeploymentPostprocessing = 0;
			shellPath = /bin/sh;
			shellScript = "diff \"${PODS_PODFILE_DIR_PATH}/Podfile.lock\" \"${PODS_ROOT}/Manifest.lock\" > /dev/null\nif [ $? != 0 ] ; then\n    # print error to STDERR\n    echo \"error: The sandbox is not in sync with the Podfile.lock. Run 'pod install' or update your CocoaPods installation.\" >&2\n    exit 1\nfi\n# This output is used by Xcode 'outputs' to avoid re-running this script phase.\necho \"SUCCESS\" > \"${SCRIPT_OUTPUT_FILE_0}\"\n";
			showEnvVarsInLog = 0;
		};
		937E61EFA73B9F24F2C929CF /* [CP] Check Pods Manifest.lock */ = {
			isa = PBXShellScriptBuildPhase;
			buildActionMask = 2147483647;
			files = (
			);
			inputFileListPaths = (
			);
			inputPaths = (
				"${PODS_PODFILE_DIR_PATH}/Podfile.lock",
				"${PODS_ROOT}/Manifest.lock",
			);
			name = "[CP] Check Pods Manifest.lock";
			outputFileListPaths = (
			);
			outputPaths = (
				"$(DERIVED_FILE_DIR)/Pods-AIU App-AIU AppUITests-checkManifestLockResult.txt",
			);
			runOnlyForDeploymentPostprocessing = 0;
			shellPath = /bin/sh;
			shellScript = "diff \"${PODS_PODFILE_DIR_PATH}/Podfile.lock\" \"${PODS_ROOT}/Manifest.lock\" > /dev/null\nif [ $? != 0 ] ; then\n    # print error to STDERR\n    echo \"error: The sandbox is not in sync with the Podfile.lock. Run 'pod install' or update your CocoaPods installation.\" >&2\n    exit 1\nfi\n# This output is used by Xcode 'outputs' to avoid re-running this script phase.\necho \"SUCCESS\" > \"${SCRIPT_OUTPUT_FILE_0}\"\n";
			showEnvVarsInLog = 0;
		};
		983B1407478E22C8B3098A5C /* [CP] Embed Pods Frameworks */ = {
			isa = PBXShellScriptBuildPhase;
			buildActionMask = 2147483647;
			files = (
			);
			inputFileListPaths = (
				"${PODS_ROOT}/Target Support Files/Pods-AIU App/Pods-AIU App-frameworks-${CONFIGURATION}-input-files.xcfilelist",
			);
			name = "[CP] Embed Pods Frameworks";
			outputFileListPaths = (
				"${PODS_ROOT}/Target Support Files/Pods-AIU App/Pods-AIU App-frameworks-${CONFIGURATION}-output-files.xcfilelist",
			);
			runOnlyForDeploymentPostprocessing = 0;
			shellPath = /bin/sh;
			shellScript = "\"${PODS_ROOT}/Target Support Files/Pods-AIU App/Pods-AIU App-frameworks.sh\"\n";
			showEnvVarsInLog = 0;
		};
/* End PBXShellScriptBuildPhase section */

/* Begin PBXSourcesBuildPhase section */
		525004B423DC033800DDF2EB /* Sources */ = {
			isa = PBXSourcesBuildPhase;
			buildActionMask = 2147483647;
			files = (
				522ECCBD24705DC7002A0F6E /* SocialTableViewController.swift in Sources */,
				52A961B02486491F003B12A8 /* ActivitiesViewController.swift in Sources */,
				522ECCBF24706026002A0F6E /* MedicineTableViewController.swift in Sources */,
				525004C023DC033800DDF2EB /* FirstViewController.swift in Sources */,
				5219BE8024702A5800592AAD /* FacultiesSitesViewController.swift in Sources */,
				525004BC23DC033800DDF2EB /* AppDelegate.swift in Sources */,
				525B78112479203B00CD4CA2 /* AllStudentsViewController.swift in Sources */,
				52A5E9E02482123E00BA02C6 /* NewsUpdateViewController.swift in Sources */,
				525004BE23DC033800DDF2EB /* SceneDelegate.swift in Sources */,
				522ECCBA24705B62002A0F6E /* NewTechTableViewController.swift in Sources */,
				52447DD224683E9900D0FFAD /* Utilities.swift in Sources */,
				525B780D247860E800CD4CA2 /* MenuAdminTableViewController.swift in Sources */,
				52E08FD62476DB2A00A5F1D7 /* User.swift in Sources */,
				5219BE7E2470226200592AAD /* FacultiesTableViewController.swift in Sources */,
				52D36BE2246C49DB000FE00A /* MenuGuestTableViewController.swift in Sources */,
				525B781424796A4900CD4CA2 /* StudentTableViewCell.swift in Sources */,
				52D36BE0246C44C4000FE00A /* HomeGuestViewController.swift in Sources */,
				522A02DA24718CD4004F3AD3 /* HomeViewController.swift in Sources */,
				52B9205023E45E5500420E76 /* MenuTableViewController.swift in Sources */,
				528DB9842461420E00323E81 /* SignUpViewController.swift in Sources */,
				522A02DE2471C97C004F3AD3 /* HomeAdminViewController.swift in Sources */,
				522ECCC1247060D0002A0F6E /* EconomTableViewController.swift in Sources */,
				522ECCC92470697D002A0F6E /* DepartmentsViewController.swift in Sources */,
				5270EEA423DC211B0070BC17 /* SignInViewController.swift in Sources */,
				5267F63924842FCB00B14DF5 /* ForgotPasswordViewController.swift in Sources */,
				52AA4143247A8D1100969765 /* AdminStudentInformationViewController.swift in Sources */,
				522A8F812486BBED001D6601 /* NewsUpdateTableViewCell.swift in Sources */,
				52A5E9E224822C7F00BA02C6 /* NewsService.swift in Sources */,
				5297F67C240D0E7900D372F7 /* UniversityEMailViewController.swift in Sources */,
				526FD2A22480DEE8006200B7 /* NewsDetailViewController.swift in Sources */,
				522A02D0247153D8004F3AD3 /* News.swift in Sources */,
				525004C623DC033800DDF2EB /* AIU_App.xcdatamodeld in Sources */,
				5270EEA623DC34450070BC17 /* StudentInformationViewController.swift in Sources */,
				522A02DC2471A7DB004F3AD3 /* ImageService.swift in Sources */,
				522ECCC5247060E5002A0F6E /* LanguageTableViewController.swift in Sources */,
				522A02D724718BAA004F3AD3 /* NewsTableViewCell.swift in Sources */,
				525B780F2478D43200CD4CA2 /* AddNewsViewController.swift in Sources */,
				52E08FD82476DBA900A5F1D7 /* UserService.swift in Sources */,
				52C822E42475BC7600C814AB /* UpdateProfileViewController.swift in Sources */,
				529031DF248644F400FC46F4 /* AlaTooInformationViewController.swift in Sources */,
				5203C13E246FB87A00DB7A24 /* UniversitySiteViewController.swift in Sources */,
				52A961B224864A76003B12A8 /* AllActivitiesTableViewController.swift in Sources */,
				52F7BD4923F296B6001CE15E /* ContactViewController.swift in Sources */,
			);
			runOnlyForDeploymentPostprocessing = 0;
		};
		525004CD23DC033900DDF2EB /* Sources */ = {
			isa = PBXSourcesBuildPhase;
			buildActionMask = 2147483647;
			files = (
				525004D623DC033900DDF2EB /* AIU_AppTests.swift in Sources */,
			);
			runOnlyForDeploymentPostprocessing = 0;
		};
		525004D823DC033900DDF2EB /* Sources */ = {
			isa = PBXSourcesBuildPhase;
			buildActionMask = 2147483647;
			files = (
				525004E123DC033900DDF2EB /* AIU_AppUITests.swift in Sources */,
			);
			runOnlyForDeploymentPostprocessing = 0;
		};
/* End PBXSourcesBuildPhase section */

/* Begin PBXTargetDependency section */
		525004D323DC033900DDF2EB /* PBXTargetDependency */ = {
			isa = PBXTargetDependency;
			target = 525004B723DC033800DDF2EB /* AIU App */;
			targetProxy = 525004D223DC033900DDF2EB /* PBXContainerItemProxy */;
		};
		525004DE23DC033900DDF2EB /* PBXTargetDependency */ = {
			isa = PBXTargetDependency;
			target = 525004B723DC033800DDF2EB /* AIU App */;
			targetProxy = 525004DD23DC033900DDF2EB /* PBXContainerItemProxy */;
		};
/* End PBXTargetDependency section */

/* Begin PBXVariantGroup section */
		525004C123DC033800DDF2EB /* Main.storyboard */ = {
			isa = PBXVariantGroup;
			children = (
				525004C223DC033800DDF2EB /* Base */,
			);
			name = Main.storyboard;
			sourceTree = "<group>";
		};
		525004C923DC033800DDF2EB /* LaunchScreen.storyboard */ = {
			isa = PBXVariantGroup;
			children = (
				525004CA23DC033800DDF2EB /* Base */,
			);
			name = LaunchScreen.storyboard;
			sourceTree = "<group>";
		};
/* End PBXVariantGroup section */

/* Begin XCBuildConfiguration section */
		525004E323DC033900DDF2EB /* Debug */ = {
			isa = XCBuildConfiguration;
			buildSettings = {
				ALWAYS_SEARCH_USER_PATHS = NO;
				CLANG_ANALYZER_NONNULL = YES;
				CLANG_ANALYZER_NUMBER_OBJECT_CONVERSION = YES_AGGRESSIVE;
				CLANG_CXX_LANGUAGE_STANDARD = "gnu++14";
				CLANG_CXX_LIBRARY = "libc++";
				CLANG_ENABLE_MODULES = YES;
				CLANG_ENABLE_OBJC_ARC = YES;
				CLANG_ENABLE_OBJC_WEAK = YES;
				CLANG_WARN_BLOCK_CAPTURE_AUTORELEASING = YES;
				CLANG_WARN_BOOL_CONVERSION = YES;
				CLANG_WARN_COMMA = YES;
				CLANG_WARN_CONSTANT_CONVERSION = YES;
				CLANG_WARN_DEPRECATED_OBJC_IMPLEMENTATIONS = YES;
				CLANG_WARN_DIRECT_OBJC_ISA_USAGE = YES_ERROR;
				CLANG_WARN_DOCUMENTATION_COMMENTS = YES;
				CLANG_WARN_EMPTY_BODY = YES;
				CLANG_WARN_ENUM_CONVERSION = YES;
				CLANG_WARN_INFINITE_RECURSION = YES;
				CLANG_WARN_INT_CONVERSION = YES;
				CLANG_WARN_NON_LITERAL_NULL_CONVERSION = YES;
				CLANG_WARN_OBJC_IMPLICIT_RETAIN_SELF = YES;
				CLANG_WARN_OBJC_LITERAL_CONVERSION = YES;
				CLANG_WARN_OBJC_ROOT_CLASS = YES_ERROR;
				CLANG_WARN_RANGE_LOOP_ANALYSIS = YES;
				CLANG_WARN_STRICT_PROTOTYPES = YES;
				CLANG_WARN_SUSPICIOUS_MOVE = YES;
				CLANG_WARN_UNGUARDED_AVAILABILITY = YES_AGGRESSIVE;
				CLANG_WARN_UNREACHABLE_CODE = YES;
				CLANG_WARN__DUPLICATE_METHOD_MATCH = YES;
				COPY_PHASE_STRIP = NO;
				DEBUG_INFORMATION_FORMAT = dwarf;
				ENABLE_STRICT_OBJC_MSGSEND = YES;
				ENABLE_TESTABILITY = YES;
				GCC_C_LANGUAGE_STANDARD = gnu11;
				GCC_DYNAMIC_NO_PIC = NO;
				GCC_NO_COMMON_BLOCKS = YES;
				GCC_OPTIMIZATION_LEVEL = 0;
				GCC_PREPROCESSOR_DEFINITIONS = (
					"DEBUG=1",
					"$(inherited)",
				);
				GCC_WARN_64_TO_32_BIT_CONVERSION = YES;
				GCC_WARN_ABOUT_RETURN_TYPE = YES_ERROR;
				GCC_WARN_UNDECLARED_SELECTOR = YES;
				GCC_WARN_UNINITIALIZED_AUTOS = YES_AGGRESSIVE;
				GCC_WARN_UNUSED_FUNCTION = YES;
				GCC_WARN_UNUSED_VARIABLE = YES;
				IPHONEOS_DEPLOYMENT_TARGET = 13.2;
				MTL_ENABLE_DEBUG_INFO = INCLUDE_SOURCE;
				MTL_FAST_MATH = YES;
				ONLY_ACTIVE_ARCH = YES;
				SDKROOT = iphoneos;
				SWIFT_ACTIVE_COMPILATION_CONDITIONS = DEBUG;
				SWIFT_OPTIMIZATION_LEVEL = "-Onone";
			};
			name = Debug;
		};
		525004E423DC033900DDF2EB /* Release */ = {
			isa = XCBuildConfiguration;
			buildSettings = {
				ALWAYS_SEARCH_USER_PATHS = NO;
				CLANG_ANALYZER_NONNULL = YES;
				CLANG_ANALYZER_NUMBER_OBJECT_CONVERSION = YES_AGGRESSIVE;
				CLANG_CXX_LANGUAGE_STANDARD = "gnu++14";
				CLANG_CXX_LIBRARY = "libc++";
				CLANG_ENABLE_MODULES = YES;
				CLANG_ENABLE_OBJC_ARC = YES;
				CLANG_ENABLE_OBJC_WEAK = YES;
				CLANG_WARN_BLOCK_CAPTURE_AUTORELEASING = YES;
				CLANG_WARN_BOOL_CONVERSION = YES;
				CLANG_WARN_COMMA = YES;
				CLANG_WARN_CONSTANT_CONVERSION = YES;
				CLANG_WARN_DEPRECATED_OBJC_IMPLEMENTATIONS = YES;
				CLANG_WARN_DIRECT_OBJC_ISA_USAGE = YES_ERROR;
				CLANG_WARN_DOCUMENTATION_COMMENTS = YES;
				CLANG_WARN_EMPTY_BODY = YES;
				CLANG_WARN_ENUM_CONVERSION = YES;
				CLANG_WARN_INFINITE_RECURSION = YES;
				CLANG_WARN_INT_CONVERSION = YES;
				CLANG_WARN_NON_LITERAL_NULL_CONVERSION = YES;
				CLANG_WARN_OBJC_IMPLICIT_RETAIN_SELF = YES;
				CLANG_WARN_OBJC_LITERAL_CONVERSION = YES;
				CLANG_WARN_OBJC_ROOT_CLASS = YES_ERROR;
				CLANG_WARN_RANGE_LOOP_ANALYSIS = YES;
				CLANG_WARN_STRICT_PROTOTYPES = YES;
				CLANG_WARN_SUSPICIOUS_MOVE = YES;
				CLANG_WARN_UNGUARDED_AVAILABILITY = YES_AGGRESSIVE;
				CLANG_WARN_UNREACHABLE_CODE = YES;
				CLANG_WARN__DUPLICATE_METHOD_MATCH = YES;
				COPY_PHASE_STRIP = NO;
				DEBUG_INFORMATION_FORMAT = "dwarf-with-dsym";
				ENABLE_NS_ASSERTIONS = NO;
				ENABLE_STRICT_OBJC_MSGSEND = YES;
				GCC_C_LANGUAGE_STANDARD = gnu11;
				GCC_NO_COMMON_BLOCKS = YES;
				GCC_WARN_64_TO_32_BIT_CONVERSION = YES;
				GCC_WARN_ABOUT_RETURN_TYPE = YES_ERROR;
				GCC_WARN_UNDECLARED_SELECTOR = YES;
				GCC_WARN_UNINITIALIZED_AUTOS = YES_AGGRESSIVE;
				GCC_WARN_UNUSED_FUNCTION = YES;
				GCC_WARN_UNUSED_VARIABLE = YES;
				IPHONEOS_DEPLOYMENT_TARGET = 13.2;
				MTL_ENABLE_DEBUG_INFO = NO;
				MTL_FAST_MATH = YES;
				SDKROOT = iphoneos;
				SWIFT_COMPILATION_MODE = wholemodule;
				SWIFT_OPTIMIZATION_LEVEL = "-O";
				VALIDATE_PRODUCT = YES;
			};
			name = Release;
		};
		525004E623DC033900DDF2EB /* Debug */ = {
			isa = XCBuildConfiguration;
			baseConfigurationReference = EFA0C35F962C80241E335FC5 /* Pods-AIU App.debug.xcconfig */;
			buildSettings = {
				ASSETCATALOG_COMPILER_APPICON_NAME = AppIcon;
				CODE_SIGN_ENTITLEMENTS = "AIU App/AIU App.entitlements";
				CODE_SIGN_IDENTITY = "Apple Development";
				CODE_SIGN_STYLE = Automatic;
				DEVELOPMENT_TEAM = "";
				INFOPLIST_FILE = "AIU App/Info.plist";
				LD_RUNPATH_SEARCH_PATHS = (
					"$(inherited)",
					"@executable_path/Frameworks",
				);
				PRODUCT_BUNDLE_IDENTIFIER = "com.AIU-App";
				PRODUCT_NAME = "$(TARGET_NAME)";
				PROVISIONING_PROFILE_SPECIFIER = "";
				SWIFT_VERSION = 5.0;
				TARGETED_DEVICE_FAMILY = "1,2";
			};
			name = Debug;
		};
		525004E723DC033900DDF2EB /* Release */ = {
			isa = XCBuildConfiguration;
			baseConfigurationReference = 3FCAE17060126A0437C37F83 /* Pods-AIU App.release.xcconfig */;
			buildSettings = {
				ASSETCATALOG_COMPILER_APPICON_NAME = AppIcon;
				CODE_SIGN_ENTITLEMENTS = "AIU App/AIU App.entitlements";
				CODE_SIGN_IDENTITY = "Apple Development";
				CODE_SIGN_STYLE = Automatic;
				DEVELOPMENT_TEAM = "";
				INFOPLIST_FILE = "AIU App/Info.plist";
				LD_RUNPATH_SEARCH_PATHS = (
					"$(inherited)",
					"@executable_path/Frameworks",
				);
				PRODUCT_BUNDLE_IDENTIFIER = "com.AIU-App";
				PRODUCT_NAME = "$(TARGET_NAME)";
				PROVISIONING_PROFILE_SPECIFIER = "";
				SWIFT_VERSION = 5.0;
				TARGETED_DEVICE_FAMILY = "1,2";
			};
			name = Release;
		};
		525004E923DC033900DDF2EB /* Debug */ = {
			isa = XCBuildConfiguration;
			baseConfigurationReference = 1094FC5077552B5BA037B6B8 /* Pods-AIU AppTests.debug.xcconfig */;
			buildSettings = {
				ALWAYS_EMBED_SWIFT_STANDARD_LIBRARIES = YES;
				BUNDLE_LOADER = "$(TEST_HOST)";
				CODE_SIGN_STYLE = Automatic;
				DEVELOPMENT_TEAM = 9K7RDBSH2X;
				INFOPLIST_FILE = "AIU AppTests/Info.plist";
				IPHONEOS_DEPLOYMENT_TARGET = 13.2;
				LD_RUNPATH_SEARCH_PATHS = (
					"$(inherited)",
					"@executable_path/Frameworks",
					"@loader_path/Frameworks",
				);
				PRODUCT_BUNDLE_IDENTIFIER = "com.AIU-AppTests";
				PRODUCT_NAME = "$(TARGET_NAME)";
				SWIFT_VERSION = 5.0;
				TARGETED_DEVICE_FAMILY = "1,2";
				TEST_HOST = "$(BUILT_PRODUCTS_DIR)/AIU App.app/AIU App";
			};
			name = Debug;
		};
		525004EA23DC033900DDF2EB /* Release */ = {
			isa = XCBuildConfiguration;
			baseConfigurationReference = 17B5D4BDD90B32BAFC11FEE8 /* Pods-AIU AppTests.release.xcconfig */;
			buildSettings = {
				ALWAYS_EMBED_SWIFT_STANDARD_LIBRARIES = YES;
				BUNDLE_LOADER = "$(TEST_HOST)";
				CODE_SIGN_STYLE = Automatic;
				DEVELOPMENT_TEAM = 9K7RDBSH2X;
				INFOPLIST_FILE = "AIU AppTests/Info.plist";
				IPHONEOS_DEPLOYMENT_TARGET = 13.2;
				LD_RUNPATH_SEARCH_PATHS = (
					"$(inherited)",
					"@executable_path/Frameworks",
					"@loader_path/Frameworks",
				);
				PRODUCT_BUNDLE_IDENTIFIER = "com.AIU-AppTests";
				PRODUCT_NAME = "$(TARGET_NAME)";
				SWIFT_VERSION = 5.0;
				TARGETED_DEVICE_FAMILY = "1,2";
				TEST_HOST = "$(BUILT_PRODUCTS_DIR)/AIU App.app/AIU App";
			};
			name = Release;
		};
		525004EC23DC033900DDF2EB /* Debug */ = {
			isa = XCBuildConfiguration;
			baseConfigurationReference = 6D78F8C9BD9E7E0E6CE82D56 /* Pods-AIU App-AIU AppUITests.debug.xcconfig */;
			buildSettings = {
				ALWAYS_EMBED_SWIFT_STANDARD_LIBRARIES = YES;
				CODE_SIGN_STYLE = Automatic;
				DEVELOPMENT_TEAM = 9K7RDBSH2X;
				INFOPLIST_FILE = "AIU AppUITests/Info.plist";
				LD_RUNPATH_SEARCH_PATHS = (
					"$(inherited)",
					"@executable_path/Frameworks",
					"@loader_path/Frameworks",
				);
				PRODUCT_BUNDLE_IDENTIFIER = "com.AIU-AppUITests";
				PRODUCT_NAME = "$(TARGET_NAME)";
				SWIFT_VERSION = 5.0;
				TARGETED_DEVICE_FAMILY = "1,2";
				TEST_TARGET_NAME = "AIU App";
			};
			name = Debug;
		};
		525004ED23DC033900DDF2EB /* Release */ = {
			isa = XCBuildConfiguration;
			baseConfigurationReference = 9F11EFAC1483328A017B9D88 /* Pods-AIU App-AIU AppUITests.release.xcconfig */;
			buildSettings = {
				ALWAYS_EMBED_SWIFT_STANDARD_LIBRARIES = YES;
				CODE_SIGN_STYLE = Automatic;
				DEVELOPMENT_TEAM = 9K7RDBSH2X;
				INFOPLIST_FILE = "AIU AppUITests/Info.plist";
				LD_RUNPATH_SEARCH_PATHS = (
					"$(inherited)",
					"@executable_path/Frameworks",
					"@loader_path/Frameworks",
				);
				PRODUCT_BUNDLE_IDENTIFIER = "com.AIU-AppUITests";
				PRODUCT_NAME = "$(TARGET_NAME)";
				SWIFT_VERSION = 5.0;
				TARGETED_DEVICE_FAMILY = "1,2";
				TEST_TARGET_NAME = "AIU App";
			};
			name = Release;
		};
/* End XCBuildConfiguration section */

/* Begin XCConfigurationList section */
		525004B323DC033800DDF2EB /* Build configuration list for PBXProject "AIU App" */ = {
			isa = XCConfigurationList;
			buildConfigurations = (
				525004E323DC033900DDF2EB /* Debug */,
				525004E423DC033900DDF2EB /* Release */,
			);
			defaultConfigurationIsVisible = 0;
			defaultConfigurationName = Release;
		};
		525004E523DC033900DDF2EB /* Build configuration list for PBXNativeTarget "AIU App" */ = {
			isa = XCConfigurationList;
			buildConfigurations = (
				525004E623DC033900DDF2EB /* Debug */,
				525004E723DC033900DDF2EB /* Release */,
			);
			defaultConfigurationIsVisible = 0;
			defaultConfigurationName = Release;
		};
		525004E823DC033900DDF2EB /* Build configuration list for PBXNativeTarget "AIU AppTests" */ = {
			isa = XCConfigurationList;
			buildConfigurations = (
				525004E923DC033900DDF2EB /* Debug */,
				525004EA23DC033900DDF2EB /* Release */,
			);
			defaultConfigurationIsVisible = 0;
			defaultConfigurationName = Release;
		};
		525004EB23DC033900DDF2EB /* Build configuration list for PBXNativeTarget "AIU AppUITests" */ = {
			isa = XCConfigurationList;
			buildConfigurations = (
				525004EC23DC033900DDF2EB /* Debug */,
				525004ED23DC033900DDF2EB /* Release */,
			);
			defaultConfigurationIsVisible = 0;
			defaultConfigurationName = Release;
		};
/* End XCConfigurationList section */

/* Begin XCVersionGroup section */
		525004C423DC033800DDF2EB /* AIU_App.xcdatamodeld */ = {
			isa = XCVersionGroup;
			children = (
				525004C523DC033800DDF2EB /* AIU_App.xcdatamodel */,
			);
			currentVersion = 525004C523DC033800DDF2EB /* AIU_App.xcdatamodel */;
			path = AIU_App.xcdatamodeld;
			sourceTree = "<group>";
			versionGroupType = wrapper.xcdatamodel;
		};
/* End XCVersionGroup section */
	};
	rootObject = 525004B023DC033800DDF2EB /* Project object */;
}
